
Microsoft Visual Studio Solution File, Format Version 12.00
# Visual Studio Version 16
VisualStudioVersion = 16.0.31410.357
MinimumVisualStudioVersion = 10.0.40219.1
Project("{FAE04EC0-301F-11D3-BF4B-00C04F79EFBC}") = "PenaltyWeb", "PenaltyWeb\PenaltyWeb.csproj", "{AC137985-F5C0-457B-98B4-13F095654E46}"
EndProject
Project("{2150E333-8FDC-42A3-9474-1A3956D46DE8}") = "Data", "Data", "{E76934D5-A0F6-4691-B167-007316B5DAA6}"
EndProject
Project("{FAE04EC0-301F-11D3-BF4B-00C04F79EFBC}") = "Veripark.EfRepository", "Veripark.EfRepository\Veripark.EfRepository.csproj", "{00E85B41-FC6C-4AA9-B5D2-37311D46D13D}"
EndProject
Project("{FAE04EC0-301F-11D3-BF4B-00C04F79EFBC}") = "Veripark.Repository", "Veripark.Repository\Veripark.Repository.csproj", "{4E79121E-8DA8-4A0A-BCA4-7B8EABEAEC63}"
EndProject
Project("{FAE04EC0-301F-11D3-BF4B-00C04F79EFBC}") = "Veripark.Entities", "Veripark.Entities\Veripark.Entities.csproj", "{7E11C854-0D39-4FC0-A9C8-5E8BE570B79E}"
EndProject
Global
	GlobalSection(SolutionConfigurationPlatforms) = preSolution
		Debug|Any CPU = Debug|Any CPU
		Release|Any CPU = Release|Any CPU
	EndGlobalSection
	GlobalSection(ProjectConfigurationPlatforms) = postSolution
		{AC137985-F5C0-457B-98B4-13F095654E46}.Debug|Any CPU.ActiveCfg = Debug|Any CPU
		{AC137985-F5C0-457B-98B4-13F095654E46}.Debug|Any CPU.Build.0 = Debug|Any CPU
		{AC137985-F5C0-457B-98B4-13F095654E46}.Release|Any CPU.ActiveCfg = Release|Any CPU
		{AC137985-F5C0-457B-98B4-13F095654E46}.Release|Any CPU.Build.0 = Release|Any CPU
		{00E85B41-FC6C-4AA9-B5D2-37311D46D13D}.Debug|Any CPU.ActiveCfg = Debug|Any CPU
		{00E85B41-FC6C-4AA9-B5D2-37311D46D13D}.Debug|Any CPU.Build.0 = Debug|Any CPU
		{00E85B41-FC6C-4AA9-B5D2-37311D46D13D}.Release|Any CPU.ActiveCfg = Release|Any CPU
		{00E85B41-FC6C-4AA9-B5D2-37311D46D13D}.Release|Any CPU.Build.0 = Release|Any CPU
		{4E79121E-8DA8-4A0A-BCA4-7B8EABEAEC63}.Debug|Any CPU.ActiveCfg = Debug|Any CPU
		{4E79121E-8DA8-4A0A-BCA4-7B8EABEAEC63}.Debug|Any CPU.Build.0 = Debug|Any CPU
		{4E79121E-8DA8-4A0A-BCA4-7B8EABEAEC63}.Release|Any CPU.ActiveCfg = Release|Any CPU
		{4E79121E-8DA8-4A0A-BCA4-7B8EABEAEC63}.Release|Any CPU.Build.0 = Release|Any CPU
		{7E11C854-0D39-4FC0-A9C8-5E8BE570B79E}.Debug|Any CPU.ActiveCfg = Debug|Any CPU
		{7E11C854-0D39-4FC0-A9C8-5E8BE570B79E}.Debug|Any CPU.Build.0 = Debug|Any CPU
		{7E11C854-0D39-4FC0-A9C8-5E8BE570B79E}.Release|Any CPU.ActiveCfg = Release|Any CPU
		{7E11C854-0D39-4FC0-A9C8-5E8BE570B79E}.Release|Any CPU.Build.0 = Release|Any CPU
	EndGlobalSection
	GlobalSection(SolutionProperties) = preSolution
		HideSolutionNode = FALSE
	EndGlobalSection
	GlobalSection(NestedProjects) = preSolution
		{00E85B41-FC6C-4AA9-B5D2-37311D46D13D} = {E76934D5-A0F6-4691-B167-007316B5DAA6}
		{4E79121E-8DA8-4A0A-BCA4-7B8EABEAEC63} = {E76934D5-A0F6-4691-B167-007316B5DAA6}
	EndGlobalSection
	GlobalSection(ExtensibilityGlobals) = postSolution
		SolutionGuid = {30095C73-8C4F-447A-9E1C-6C8FCF0259B8}
	EndGlobalSection
EndGlobal
